// !$*UTF8*$!
{
	archiveVersion = 1;
	classes = {
	};
	objectVersion = 56;
	objects = {

/* Begin PBXBuildFile section */
		4DFA4CA3292AC6CA0045D067 /* AppDelegate.swift in Sources */ = {isa = PBXBuildFile; fileRef = 4DFA4CA2292AC6CA0045D067 /* AppDelegate.swift */; };
		4DFA4CA5292AC6CA0045D067 /* SceneDelegate.swift in Sources */ = {isa = PBXBuildFile; fileRef = 4DFA4CA4292AC6CA0045D067 /* SceneDelegate.swift */; };
		4DFA4CAA292AC6CA0045D067 /* Main.storyboard in Resources */ = {isa = PBXBuildFile; fileRef = 4DFA4CA8292AC6CA0045D067 /* Main.storyboard */; };
		4DFA4CAC292AC6D30045D067 /* Assets.xcassets in Resources */ = {isa = PBXBuildFile; fileRef = 4DFA4CAB292AC6D30045D067 /* Assets.xcassets */; };
		4DFA4CAF292AC6D30045D067 /* LaunchScreen.storyboard in Resources */ = {isa = PBXBuildFile; fileRef = 4DFA4CAD292AC6D30045D067 /* LaunchScreen.storyboard */; };
		4DFA4CBB292AC7920045D067 /* Hearthstone.swift in Sources */ = {isa = PBXBuildFile; fileRef = 4DFA4CBA292AC7920045D067 /* Hearthstone.swift */; };
		4DFA4CBD292AC8310045D067 /* Mage.swift in Sources */ = {isa = PBXBuildFile; fileRef = 4DFA4CBC292AC8310045D067 /* Mage.swift */; };
		4DFA4CBF292AC8990045D067 /* MainStage.swift in Sources */ = {isa = PBXBuildFile; fileRef = 4DFA4CBE292AC8990045D067 /* MainStage.swift */; };
		4DFA4CC1292ACA8D0045D067 /* Hunter.swift in Sources */ = {isa = PBXBuildFile; fileRef = 4DFA4CC0292ACA8D0045D067 /* Hunter.swift */; };
		4DFA4CC3292ACAE80045D067 /* Priest.swift in Sources */ = {isa = PBXBuildFile; fileRef = 4DFA4CC2292ACAE80045D067 /* Priest.swift */; };
		4DFA4CC5292ACD380045D067 /* Extension.swift in Sources */ = {isa = PBXBuildFile; fileRef = 4DFA4CC4292ACD380045D067 /* Extension.swift */; };
/* End PBXBuildFile section */

/* Begin PBXFileReference section */
		4DFA4C9F292AC6CA0045D067 /* Homework 3 @noNameMark.app */ = {isa = PBXFileReference; explicitFileType = wrapper.application; includeInIndex = 0; path = "Homework 3 @noNameMark.app"; sourceTree = BUILT_PRODUCTS_DIR; };
		4DFA4CA2292AC6CA0045D067 /* AppDelegate.swift */ = {isa = PBXFileReference; lastKnownFileType = sourcecode.swift; path = AppDelegate.swift; sourceTree = "<group>"; };
		4DFA4CA4292AC6CA0045D067 /* SceneDelegate.swift */ = {isa = PBXFileReference; lastKnownFileType = sourcecode.swift; path = SceneDelegate.swift; sourceTree = "<group>"; };
		4DFA4CA9292AC6CA0045D067 /* Base */ = {isa = PBXFileReference; lastKnownFileType = file.storyboard; name = Base; path = Base.lproj/Main.storyboard; sourceTree = "<group>"; };
		4DFA4CAB292AC6D30045D067 /* Assets.xcassets */ = {isa = PBXFileReference; lastKnownFileType = folder.assetcatalog; path = Assets.xcassets; sourceTree = "<group>"; };
		4DFA4CAE292AC6D30045D067 /* Base */ = {isa = PBXFileReference; lastKnownFileType = file.storyboard; name = Base; path = Base.lproj/LaunchScreen.storyboard; sourceTree = "<group>"; };
		4DFA4CB0292AC6D30045D067 /* Info.plist */ = {isa = PBXFileReference; lastKnownFileType = text.plist.xml; path = Info.plist; sourceTree = "<group>"; };
		4DFA4CBA292AC7920045D067 /* Hearthstone.swift */ = {isa = PBXFileReference; lastKnownFileType = sourcecode.swift; path = Hearthstone.swift; sourceTree = "<group>"; };
		4DFA4CBC292AC8310045D067 /* Mage.swift */ = {isa = PBXFileReference; lastKnownFileType = sourcecode.swift; path = Mage.swift; sourceTree = "<group>"; };
		4DFA4CBE292AC8990045D067 /* MainStage.swift */ = {isa = PBXFileReference; lastKnownFileType = sourcecode.swift; path = MainStage.swift; sourceTree = "<group>"; };
		4DFA4CC0292ACA8D0045D067 /* Hunter.swift */ = {isa = PBXFileReference; lastKnownFileType = sourcecode.swift; path = Hunter.swift; sourceTree = "<group>"; };
		4DFA4CC2292ACAE80045D067 /* Priest.swift */ = {isa = PBXFileReference; lastKnownFileType = sourcecode.swift; path = Priest.swift; sourceTree = "<group>"; };
		4DFA4CC4292ACD380045D067 /* Extension.swift */ = {isa = PBXFileReference; lastKnownFileType = sourcecode.swift; path = Extension.swift; sourceTree = "<group>"; };
/* End PBXFileReference section */

/* Begin PBXFrameworksBuildPhase section */
		4DFA4C9C292AC6CA0045D067 /* Frameworks */ = {
			isa = PBXFrameworksBuildPhase;
			buildActionMask = 2147483647;
			files = (
			);
			runOnlyForDeploymentPostprocessing = 0;
		};
/* End PBXFrameworksBuildPhase section */

/* Begin PBXGroup section */
		4DFA4C96292AC6CA0045D067 = {
			isa = PBXGroup;
			children = (
				4DFA4CA1292AC6CA0045D067 /* Homework 3 @noNameMark */,
				4DFA4CA0292AC6CA0045D067 /* Products */,
			);
			sourceTree = "<group>";
		};
		4DFA4CA0292AC6CA0045D067 /* Products */ = {
			isa = PBXGroup;
			children = (
				4DFA4C9F292AC6CA0045D067 /* Homework 3 @noNameMark.app */,
			);
			name = Products;
			sourceTree = "<group>";
		};
		4DFA4CA1292AC6CA0045D067 /* Homework 3 @noNameMark */ = {
			isa = PBXGroup;
			children = (
				4DFA4CB8292AC72C0045D067 /* Storyboard */,
				4DFA4CB7292AC71F0045D067 /* Controller */,
				4DFA4CB6292AC70C0045D067 /* Protocol */,
				4DFA4CC6292ACD5B0045D067 /* Extension */,
				4DFA4CB9292AC75E0045D067 /* Delegate */,
				4DFA4CAB292AC6D30045D067 /* Assets.xcassets */,
				4DFA4CB0292AC6D30045D067 /* Info.plist */,
			);
			path = "Homework 3 @noNameMark";
			sourceTree = "<group>";
		};
		4DFA4CB6292AC70C0045D067 /* Protocol */ = {
			isa = PBXGroup;
			children = (
				4DFA4CBA292AC7920045D067 /* Hearthstone.swift */,
			);
			path = Protocol;
			sourceTree = "<group>";
		};
		4DFA4CB7292AC71F0045D067 /* Controller */ = {
			isa = PBXGroup;
			children = (
				4DFA4CBE292AC8990045D067 /* MainStage.swift */,
				4DFA4CBC292AC8310045D067 /* Mage.swift */,
				4DFA4CC0292ACA8D0045D067 /* Hunter.swift */,
				4DFA4CC2292ACAE80045D067 /* Priest.swift */,
			);
			path = Controller;
			sourceTree = "<group>";
		};
		4DFA4CB8292AC72C0045D067 /* Storyboard */ = {
			isa = PBXGroup;
			children = (
				4DFA4CA8292AC6CA0045D067 /* Main.storyboard */,
				4DFA4CAD292AC6D30045D067 /* LaunchScreen.storyboard */,
			);
			path = Storyboard;
			sourceTree = "<group>";
		};
		4DFA4CB9292AC75E0045D067 /* Delegate */ = {
			isa = PBXGroup;
			children = (
				4DFA4CA2292AC6CA0045D067 /* AppDelegate.swift */,
				4DFA4CA4292AC6CA0045D067 /* SceneDelegate.swift */,
			);
			path = Delegate;
			sourceTree = "<group>";
		};
		4DFA4CC6292ACD5B0045D067 /* Extension */ = {
			isa = PBXGroup;
			children = (
				4DFA4CC4292ACD380045D067 /* Extension.swift */,
			);
			path = Extension;
			sourceTree = "<group>";
		};
/* End PBXGroup section */

/* Begin PBXNativeTarget section */
		4DFA4C9E292AC6CA0045D067 /* Homework 3 @noNameMark */ = {
			isa = PBXNativeTarget;
			buildConfigurationList = 4DFA4CB3292AC6D30045D067 /* Build configuration list for PBXNativeTarget "Homework 3 @noNameMark" */;
			buildPhases = (
				4DFA4C9B292AC6CA0045D067 /* Sources */,
				4DFA4C9C292AC6CA0045D067 /* Frameworks */,
				4DFA4C9D292AC6CA0045D067 /* Resources */,
			);
			buildRules = (
			);
			dependencies = (
			);
			name = "Homework 3 @noNameMark";
			productName = "Homework 3 @noNameMark";
			productReference = 4DFA4C9F292AC6CA0045D067 /* Homework 3 @noNameMark.app */;
			productType = "com.apple.product-type.application";
		};
/* End PBXNativeTarget section */

/* Begin PBXProject section */
		4DFA4C97292AC6CA0045D067 /* Project object */ = {
			isa = PBXProject;
			attributes = {
				BuildIndependentTargetsInParallel = 1;
				LastSwiftUpdateCheck = 1410;
				LastUpgradeCheck = 1410;
				TargetAttributes = {
					4DFA4C9E292AC6CA0045D067 = {
						CreatedOnToolsVersion = 14.1;
					};
				};
			};
			buildConfigurationList = 4DFA4C9A292AC6CA0045D067 /* Build configuration list for PBXProject "Homework 3 @noNameMark" */;
			compatibilityVersion = "Xcode 14.0";
			developmentRegion = en;
			hasScannedForEncodings = 0;
			knownRegions = (
				en,
				Base,
			);
			mainGroup = 4DFA4C96292AC6CA0045D067;
			productRefGroup = 4DFA4CA0292AC6CA0045D067 /* Products */;
			projectDirPath = "";
			projectRoot = "";
			targets = (
				4DFA4C9E292AC6CA0045D067 /* Homework 3 @noNameMark */,
			);
		};
/* End PBXProject section */

/* Begin PBXResourcesBuildPhase section */
		4DFA4C9D292AC6CA0045D067 /* Resources */ = {
			isa = PBXResourcesBuildPhase;
			buildActionMask = 2147483647;
			files = (
				4DFA4CAF292AC6D30045D067 /* LaunchScreen.storyboard in Resources */,
				4DFA4CAC292AC6D30045D067 /* Assets.xcassets in Resources */,
				4DFA4CAA292AC6CA0045D067 /* Main.storyboard in Resources */,
			);
			runOnlyForDeploymentPostprocessing = 0;
		};
/* End PBXResourcesBuildPhase section */

/* Begin PBXSourcesBuildPhase section */
		4DFA4C9B292AC6CA0045D067 /* Sources */ = {
			isa = PBXSourcesBuildPhase;
			buildActionMask = 2147483647;
			files = (
				4DFA4CBD292AC8310045D067 /* Mage.swift in Sources */,
				4DFA4CBB292AC7920045D067 /* Hearthstone.swift in Sources */,
				4DFA4CBF292AC8990045D067 /* MainStage.swift in Sources */,
				4DFA4CC3292ACAE80045D067 /* Priest.swift in Sources */,
				4DFA4CA3292AC6CA0045D067 /* AppDelegate.swift in Sources */,
				4DFA4CA5292AC6CA0045D067 /* SceneDelegate.swift in Sources */,
				4DFA4CC1292ACA8D0045D067 /* Hunter.swift in Sources */,
				4DFA4CC5292ACD380045D067 /* Extension.swift in Sources */,
			);
			runOnlyForDeploymentPostprocessing = 0;
		};
/* End PBXSourcesBuildPhase section */

/* Begin PBXVariantGroup section */
		4DFA4CA8292AC6CA0045D067 /* Main.storyboard */ = {
			isa = PBXVariantGroup;
			children = (
				4DFA4CA9292AC6CA0045D067 /* Base */,
			);
			name = Main.storyboard;
			sourceTree = "<group>";
		};
		4DFA4CAD292AC6D30045D067 /* LaunchScreen.storyboard */ = {
			isa = PBXVariantGroup;
			children = (
				4DFA4CAE292AC6D30045D067 /* Base */,
			);
			name = LaunchScreen.storyboard;
			sourceTree = "<group>";
		};
/* End PBXVariantGroup section */

/* Begin XCBuildConfiguration section */
		4DFA4CB1292AC6D30045D067 /* Debug */ = {
			isa = XCBuildConfiguration;
			buildSettings = {
				ALWAYS_SEARCH_USER_PATHS = NO;
				CLANG_ANALYZER_NONNULL = YES;
				CLANG_ANALYZER_NUMBER_OBJECT_CONVERSION = YES_AGGRESSIVE;
				CLANG_CXX_LANGUAGE_STANDARD = "gnu++20";
				CLANG_ENABLE_MODULES = YES;
				CLANG_ENABLE_OBJC_ARC = YES;
				CLANG_ENABLE_OBJC_WEAK = YES;
				CLANG_WARN_BLOCK_CAPTURE_AUTORELEASING = YES;
				CLANG_WARN_BOOL_CONVERSION = YES;
				CLANG_WARN_COMMA = YES;
				CLANG_WARN_CONSTANT_CONVERSION = YES;
				CLANG_WARN_DEPRECATED_OBJC_IMPLEMENTATIONS = YES;
				CLANG_WARN_DIRECT_OBJC_ISA_USAGE = YES_ERROR;
				CLANG_WARN_DOCUMENTATION_COMMENTS = YES;
				CLANG_WARN_EMPTY_BODY = YES;
				CLANG_WARN_ENUM_CONVERSION = YES;
				CLANG_WARN_INFINITE_RECURSION = YES;
				CLANG_WARN_INT_CONVERSION = YES;
				CLANG_WARN_NON_LITERAL_NULL_CONVERSION = YES;
				CLANG_WARN_OBJC_IMPLICIT_RETAIN_SELF = YES;
				CLANG_WARN_OBJC_LITERAL_CONVERSION = YES;
				CLANG_WARN_OBJC_ROOT_CLASS = YES_ERROR;
				CLANG_WARN_QUOTED_INCLUDE_IN_FRAMEWORK_HEADER = YES;
				CLANG_WARN_RANGE_LOOP_ANALYSIS = YES;
				CLANG_WARN_STRICT_PROTOTYPES = YES;
				CLANG_WARN_SUSPICIOUS_MOVE = YES;
				CLANG_WARN_UNGUARDED_AVAILABILITY = YES_AGGRESSIVE;
				CLANG_WARN_UNREACHABLE_CODE = YES;
				CLANG_WARN__DUPLICATE_METHOD_MATCH = YES;
				COPY_PHASE_STRIP = NO;
				DEBUG_INFORMATION_FORMAT = dwarf;
				ENABLE_STRICT_OBJC_MSGSEND = YES;
				ENABLE_TESTABILITY = YES;
				GCC_C_LANGUAGE_STANDARD = gnu11;
				GCC_DYNAMIC_NO_PIC = NO;
				GCC_NO_COMMON_BLOCKS = YES;
				GCC_OPTIMIZATION_LEVEL = 0;
				GCC_PREPROCESSOR_DEFINITIONS = (
					"DEBUG=1",
					"$(inherited)",
				);
				GCC_WARN_64_TO_32_BIT_CONVERSION = YES;
				GCC_WARN_ABOUT_RETURN_TYPE = YES_ERROR;
				GCC_WARN_UNDECLARED_SELECTOR = YES;
				GCC_WARN_UNINITIALIZED_AUTOS = YES_AGGRESSIVE;
				GCC_WARN_UNUSED_FUNCTION = YES;
				GCC_WARN_UNUSED_VARIABLE = YES;
				IPHONEOS_DEPLOYMENT_TARGET = 16.1;
				MTL_ENABLE_DEBUG_INFO = INCLUDE_SOURCE;
				MTL_FAST_MATH = YES;
				ONLY_ACTIVE_ARCH = YES;
				SDKROOT = iphoneos;
				SWIFT_ACTIVE_COMPILATION_CONDITIONS = DEBUG;
				SWIFT_OPTIMIZATION_LEVEL = "-Onone";
			};
			name = Debug;
		};
		4DFA4CB2292AC6D30045D067 /* Release */ = {
			isa = XCBuildConfiguration;
			buildSettings = {
				ALWAYS_SEARCH_USER_PATHS = NO;
				CLANG_ANALYZER_NONNULL = YES;
				CLANG_ANALYZER_NUMBER_OBJECT_CONVERSION = YES_AGGRESSIVE;
				CLANG_CXX_LANGUAGE_STANDARD = "gnu++20";
				CLANG_ENABLE_MODULES = YES;
				CLANG_ENABLE_OBJC_ARC = YES;
				CLANG_ENABLE_OBJC_WEAK = YES;
				CLANG_WARN_BLOCK_CAPTURE_AUTORELEASING = YES;
				CLANG_WARN_BOOL_CONVERSION = YES;
				CLANG_WARN_COMMA = YES;
				CLANG_WARN_CONSTANT_CONVERSION = YES;
				CLANG_WARN_DEPRECATED_OBJC_IMPLEMENTATIONS = YES;
				CLANG_WARN_DIRECT_OBJC_ISA_USAGE = YES_ERROR;
				CLANG_WARN_DOCUMENTATION_COMMENTS = YES;
				CLANG_WARN_EMPTY_BODY = YES;
				CLANG_WARN_ENUM_CONVERSION = YES;
				CLANG_WARN_INFINITE_RECURSION = YES;
				CLANG_WARN_INT_CONVERSION = YES;
				CLANG_WARN_NON_LITERAL_NULL_CONVERSION = YES;
				CLANG_WARN_OBJC_IMPLICIT_RETAIN_SELF = YES;
				CLANG_WARN_OBJC_LITERAL_CONVERSION = YES;
				CLANG_WARN_OBJC_ROOT_CLASS = YES_ERROR;
				CLANG_WARN_QUOTED_INCLUDE_IN_FRAMEWORK_HEADER = YES;
				CLANG_WARN_RANGE_LOOP_ANALYSIS = YES;
				CLANG_WARN_STRICT_PROTOTYPES = YES;
				CLANG_WARN_SUSPICIOUS_MOVE = YES;
				CLANG_WARN_UNGUARDED_AVAILABILITY = YES_AGGRESSIVE;
				CLANG_WARN_UNREACHABLE_CODE = YES;
				CLANG_WARN__DUPLICATE_METHOD_MATCH = YES;
				COPY_PHASE_STRIP = NO;
				DEBUG_INFORMATION_FORMAT = "dwarf-with-dsym";
				ENABLE_NS_ASSERTIONS = NO;
				ENABLE_STRICT_OBJC_MSGSEND = YES;
				GCC_C_LANGUAGE_STANDARD = gnu11;
				GCC_NO_COMMON_BLOCKS = YES;
				GCC_WARN_64_TO_32_BIT_CONVERSION = YES;
				GCC_WARN_ABOUT_RETURN_TYPE = YES_ERROR;
				GCC_WARN_UNDECLARED_SELECTOR = YES;
				GCC_WARN_UNINITIALIZED_AUTOS = YES_AGGRESSIVE;
				GCC_WARN_UNUSED_FUNCTION = YES;
				GCC_WARN_UNUSED_VARIABLE = YES;
				IPHONEOS_DEPLOYMENT_TARGET = 16.1;
				MTL_ENABLE_DEBUG_INFO = NO;
				MTL_FAST_MATH = YES;
				SDKROOT = iphoneos;
				SWIFT_COMPILATION_MODE = wholemodule;
				SWIFT_OPTIMIZATION_LEVEL = "-O";
				VALIDATE_PRODUCT = YES;
			};
			name = Release;
		};
		4DFA4CB4292AC6D30045D067 /* Debug */ = {
			isa = XCBuildConfiguration;
			buildSettings = {
				ASSETCATALOG_COMPILER_APPICON_NAME = AppIcon;
				ASSETCATALOG_COMPILER_GLOBAL_ACCENT_COLOR_NAME = AccentColor;
				CODE_SIGN_STYLE = Automatic;
				CURRENT_PROJECT_VERSION = 1;
				DEVELOPMENT_TEAM = J484329K7V;
				GENERATE_INFOPLIST_FILE = YES;
				INFOPLIST_FILE = "Homework 3 @noNameMark/Info.plist";
				INFOPLIST_KEY_UIApplicationSupportsIndirectInputEvents = YES;
				INFOPLIST_KEY_UILaunchStoryboardName = LaunchScreen;
				INFOPLIST_KEY_UIMainStoryboardFile = Main;
				INFOPLIST_KEY_UISupportedInterfaceOrientations = UIInterfaceOrientationPortrait;
				INFOPLIST_KEY_UISupportedInterfaceOrientations_iPad = "UIInterfaceOrientationLandscapeLeft UIInterfaceOrientationLandscapeRight UIInterfaceOrientationPortrait UIInterfaceOrientationPortraitUpsideDown";
				LD_RUNPATH_SEARCH_PATHS = (
					"$(inherited)",
					"@executable_path/Frameworks",
				);
				MARKETING_VERSION = 1.0;
				PRODUCT_BUNDLE_IDENTIFIER = "com.IhorNiemyi.Homework-3--noNameMark";
				PRODUCT_NAME = "$(TARGET_NAME)";
				SUPPORTED_PLATFORMS = "iphoneos iphonesimulator";
				SUPPORTS_MACCATALYST = NO;
				SUPPORTS_MAC_DESIGNED_FOR_IPHONE_IPAD = NO;
				SWIFT_EMIT_LOC_STRINGS = YES;
				SWIFT_VERSION = 5.0;
				TARGETED_DEVICE_FAMILY = 1;
			};
			name = Debug;
		};
		4DFA4CB5292AC6D30045D067 /* Release */ = {
			isa = XCBuildConfiguration;
			buildSettings = {
				ASSETCATALOG_COMPILER_APPICON_NAME = AppIcon;
				ASSETCATALOG_COMPILER_GLOBAL_ACCENT_COLOR_NAME = AccentColor;
				CODE_SIGN_STYLE = Automatic;
				CURRENT_PROJECT_VERSION = 1;
				DEVELOPMENT_TEAM = J484329K7V;
				GENERATE_INFOPLIST_FILE = YES;
				INFOPLIST_FILE = "Homework 3 @noNameMark/Info.plist";
				INFOPLIST_KEY_UIApplicationSupportsIndirectInputEvents = YES;
				INFOPLIST_KEY_UILaunchStoryboardName = LaunchScreen;
				INFOPLIST_KEY_UIMainStoryboardFile = Main;
				INFOPLIST_KEY_UISupportedInterfaceOrientations = UIInterfaceOrientationPortrait;
				INFOPLIST_KEY_UISupportedInterfaceOrientations_iPad = "UIInterfaceOrientationLandscapeLeft UIInterfaceOrientationLandscapeRight UIInterfaceOrientationPortrait UIInterfaceOrientationPortraitUpsideDown";
				LD_RUNPATH_SEARCH_PATHS = (
					"$(inherited)",
					"@executable_path/Frameworks",
				);
				MARKETING_VERSION = 1.0;
				PRODUCT_BUNDLE_IDENTIFIER = "com.IhorNiemyi.Homework-3--noNameMark";
				PRODUCT_NAME = "$(TARGET_NAME)";
				SUPPORTED_PLATFORMS = "iphoneos iphonesimulator";
				SUPPORTS_MACCATALYST = NO;
				SUPPORTS_MAC_DESIGNED_FOR_IPHONE_IPAD = NO;
				SWIFT_EMIT_LOC_STRINGS = YES;
				SWIFT_VERSION = 5.0;
				TARGETED_DEVICE_FAMILY = 1;
			};
			name = Release;
		};
/* End XCBuildConfiguration section */

/* Begin XCConfigurationList section */
		4DFA4C9A292AC6CA0045D067 /* Build configuration list for PBXProject "Homework 3 @noNameMark" */ = {
			isa = XCConfigurationList;
			buildConfigurations = (
				4DFA4CB1292AC6D30045D067 /* Debug */,
				4DFA4CB2292AC6D30045D067 /* Release */,
			);
			defaultConfigurationIsVisible = 0;
			defaultConfigurationName = Release;
		};
		4DFA4CB3292AC6D30045D067 /* Build configuration list for PBXNativeTarget "Homework 3 @noNameMark" */ = {
			isa = XCConfigurationList;
			buildConfigurations = (
				4DFA4CB4292AC6D30045D067 /* Debug */,
				4DFA4CB5292AC6D30045D067 /* Release */,
			);
			defaultConfigurationIsVisible = 0;
			defaultConfigurationName = Release;
		};
/* End XCConfigurationList section */
	};
	rootObject = 4DFA4C97292AC6CA0045D067 /* Project object */;
}
